
Microsoft Visual Studio Solution File, Format Version 12.00
# Visual Studio Version 16
Project("{2150E333-8FDC-42A3-9474-1A3956D46DE8}") = "src", "src", "{8472B789-C89E-443B-BAA0-490A8CAED4DE}"
EndProject
Project("{2150E333-8FDC-42A3-9474-1A3956D46DE8}") = "Services", "Services", "{6EB572EF-2304-47E5-93FF-345B07851FBD}"
EndProject
Project("{2150E333-8FDC-42A3-9474-1A3956D46DE8}") = "Identity", "Identity", "{DE8B47EC-92B6-449E-AA94-76B06E18AF21}"
EndProject
Project("{FAE04EC0-301F-11D3-BF4B-00C04F79EFBC}") = "Identity.API", "src\Services\Identity\Identity.API\Identity.API.csproj", "{422CE21B-E33C-4E14-9120-D5B685762E32}"
EndProject
Project("{2150E333-8FDC-42A3-9474-1A3956D46DE8}") = "Catalog", "Catalog", "{52A1014C-29B8-489B-A71F-50ABE5107677}"
EndProject
Project("{FAE04EC0-301F-11D3-BF4B-00C04F79EFBC}") = "Catalog.API", "src\Services\Catalog\Catalog.API\Catalog.API.csproj", "{0E92D0AB-38BB-4E15-87CE-7B4B282F760A}"
EndProject
Project("{2150E333-8FDC-42A3-9474-1A3956D46DE8}") = "Shared", "Shared", "{5188FC75-211D-4CA4-9005-94903C50A8F3}"
EndProject
Project("{FAE04EC0-301F-11D3-BF4B-00C04F79EFBC}") = "Common", "src\Services\Shared\Common\Common.csproj", "{7D97537A-8CB4-49BB-A98B-775DF463AC0F}"
EndProject
Project("{2150E333-8FDC-42A3-9474-1A3956D46DE8}") = "Basket", "Basket", "{13B6E5FD-2F2A-4D54-88C1-CBDB3EB178FA}"
EndProject
Project("{FAE04EC0-301F-11D3-BF4B-00C04F79EFBC}") = "Basket.API", "src\Services\Basket\Basket.API\Basket.API.csproj", "{CD461B06-55AC-427E-8EBC-7A6E908CB380}"
EndProject
Project("{2150E333-8FDC-42A3-9474-1A3956D46DE8}") = "BuildingBlocks", "BuildingBlocks", "{C87C8B0A-8717-4BEF-ACAD-FAE755B1903E}"
EndProject
Project("{2150E333-8FDC-42A3-9474-1A3956D46DE8}") = "EventBus", "EventBus", "{CB18A847-4760-4544-A81D-005D526A58E5}"
EndProject
Project("{FAE04EC0-301F-11D3-BF4B-00C04F79EFBC}") = "EventBus", "src\BuildingBlocks\EventBus\EventBus\EventBus.csproj", "{13BBE991-084D-4659-AB97-57349D60D99D}"
EndProject
Global
	GlobalSection(SolutionConfigurationPlatforms) = preSolution
		Debug|Any CPU = Debug|Any CPU
		Release|Any CPU = Release|Any CPU
	EndGlobalSection
	GlobalSection(NestedProjects) = preSolution
		{6EB572EF-2304-47E5-93FF-345B07851FBD} = {8472B789-C89E-443B-BAA0-490A8CAED4DE}
		{DE8B47EC-92B6-449E-AA94-76B06E18AF21} = {6EB572EF-2304-47E5-93FF-345B07851FBD}
		{422CE21B-E33C-4E14-9120-D5B685762E32} = {DE8B47EC-92B6-449E-AA94-76B06E18AF21}
		{52A1014C-29B8-489B-A71F-50ABE5107677} = {6EB572EF-2304-47E5-93FF-345B07851FBD}
		{0E92D0AB-38BB-4E15-87CE-7B4B282F760A} = {52A1014C-29B8-489B-A71F-50ABE5107677}
		{5188FC75-211D-4CA4-9005-94903C50A8F3} = {6EB572EF-2304-47E5-93FF-345B07851FBD}
		{7D97537A-8CB4-49BB-A98B-775DF463AC0F} = {5188FC75-211D-4CA4-9005-94903C50A8F3}
		{13B6E5FD-2F2A-4D54-88C1-CBDB3EB178FA} = {6EB572EF-2304-47E5-93FF-345B07851FBD}
		{CD461B06-55AC-427E-8EBC-7A6E908CB380} = {13B6E5FD-2F2A-4D54-88C1-CBDB3EB178FA}
		{C87C8B0A-8717-4BEF-ACAD-FAE755B1903E} = {8472B789-C89E-443B-BAA0-490A8CAED4DE}
		{CB18A847-4760-4544-A81D-005D526A58E5} = {C87C8B0A-8717-4BEF-ACAD-FAE755B1903E}
		{13BBE991-084D-4659-AB97-57349D60D99D} = {CB18A847-4760-4544-A81D-005D526A58E5}
	EndGlobalSection
	GlobalSection(ProjectConfigurationPlatforms) = postSolution
		{422CE21B-E33C-4E14-9120-D5B685762E32}.Debug|Any CPU.ActiveCfg = Debug|Any CPU
		{422CE21B-E33C-4E14-9120-D5B685762E32}.Debug|Any CPU.Build.0 = Debug|Any CPU
		{422CE21B-E33C-4E14-9120-D5B685762E32}.Release|Any CPU.ActiveCfg = Release|Any CPU
		{422CE21B-E33C-4E14-9120-D5B685762E32}.Release|Any CPU.Build.0 = Release|Any CPU
		{0E92D0AB-38BB-4E15-87CE-7B4B282F760A}.Debug|Any CPU.ActiveCfg = Debug|Any CPU
		{0E92D0AB-38BB-4E15-87CE-7B4B282F760A}.Debug|Any CPU.Build.0 = Debug|Any CPU
		{0E92D0AB-38BB-4E15-87CE-7B4B282F760A}.Release|Any CPU.ActiveCfg = Release|Any CPU
		{0E92D0AB-38BB-4E15-87CE-7B4B282F760A}.Release|Any CPU.Build.0 = Release|Any CPU
		{7D97537A-8CB4-49BB-A98B-775DF463AC0F}.Debug|Any CPU.ActiveCfg = Debug|Any CPU
		{7D97537A-8CB4-49BB-A98B-775DF463AC0F}.Debug|Any CPU.Build.0 = Debug|Any CPU
		{7D97537A-8CB4-49BB-A98B-775DF463AC0F}.Release|Any CPU.ActiveCfg = Release|Any CPU
		{7D97537A-8CB4-49BB-A98B-775DF463AC0F}.Release|Any CPU.Build.0 = Release|Any CPU
		{CD461B06-55AC-427E-8EBC-7A6E908CB380}.Debug|Any CPU.ActiveCfg = Debug|Any CPU
		{CD461B06-55AC-427E-8EBC-7A6E908CB380}.Debug|Any CPU.Build.0 = Debug|Any CPU
		{CD461B06-55AC-427E-8EBC-7A6E908CB380}.Release|Any CPU.ActiveCfg = Release|Any CPU
		{CD461B06-55AC-427E-8EBC-7A6E908CB380}.Release|Any CPU.Build.0 = Release|Any CPU
		{13BBE991-084D-4659-AB97-57349D60D99D}.Debug|Any CPU.ActiveCfg = Debug|Any CPU
		{13BBE991-084D-4659-AB97-57349D60D99D}.Debug|Any CPU.Build.0 = Debug|Any CPU
		{13BBE991-084D-4659-AB97-57349D60D99D}.Release|Any CPU.ActiveCfg = Release|Any CPU
		{13BBE991-084D-4659-AB97-57349D60D99D}.Release|Any CPU.Build.0 = Release|Any CPU
	EndGlobalSection
EndGlobal
